
Microsoft Visual Studio Solution File, Format Version 12.00
# Visual Studio Version 17
VisualStudioVersion = 17.1.32228.430
MinimumVisualStudioVersion = 10.0.40219.1
Project("{FAE04EC0-301F-11D3-BF4B-00C04F79EFBC}") = "TrainingHelper.WebApi", "TrainingHelper.WebApi\TrainingHelper.WebApi.csproj", "{219DD779-F27B-492F-B639-72757EE80C19}"
EndProject
Project("{FAE04EC0-301F-11D3-BF4B-00C04F79EFBC}") = "TrainingHelper.Db", "TrainingHelper.Db\TrainingHelper.Db.csproj", "{50E7731F-D179-400A-BFAF-3900FCF376C0}"
EndProject
Project("{2150E333-8FDC-42A3-9474-1A3956D46DE8}") = "Solution Items", "Solution Items", "{381E1583-75E3-423F-8807-BA7E55FB2AA6}"
	ProjectSection(SolutionItems) = preProject
		.editorconfig = .editorconfig
	EndProjectSection
EndProject
Global
	GlobalSection(SolutionConfigurationPlatforms) = preSolution
		Debug|Any CPU = Debug|Any CPU
		Release|Any CPU = Release|Any CPU
	EndGlobalSection
	GlobalSection(ProjectConfigurationPlatforms) = postSolution
		{219DD779-F27B-492F-B639-72757EE80C19}.Debug|Any CPU.ActiveCfg = Debug|Any CPU
		{219DD779-F27B-492F-B639-72757EE80C19}.Debug|Any CPU.Build.0 = Debug|Any CPU
		{219DD779-F27B-492F-B639-72757EE80C19}.Release|Any CPU.ActiveCfg = Release|Any CPU
		{219DD779-F27B-492F-B639-72757EE80C19}.Release|Any CPU.Build.0 = Release|Any CPU
		{50E7731F-D179-400A-BFAF-3900FCF376C0}.Debug|Any CPU.ActiveCfg = Debug|Any CPU
		{50E7731F-D179-400A-BFAF-3900FCF376C0}.Debug|Any CPU.Build.0 = Debug|Any CPU
		{50E7731F-D179-400A-BFAF-3900FCF376C0}.Release|Any CPU.ActiveCfg = Release|Any CPU
		{50E7731F-D179-400A-BFAF-3900FCF376C0}.Release|Any CPU.Build.0 = Release|Any CPU
	EndGlobalSection
	GlobalSection(SolutionProperties) = preSolution
		HideSolutionNode = FALSE
	EndGlobalSection
	GlobalSection(ExtensibilityGlobals) = postSolution
		SolutionGuid = {CD0CC8DF-7094-428B-BF16-FB87DB2171EF}
	EndGlobalSection
EndGlobal
